<?xml version="1.0" encoding="utf-8"?>
<Project ToolsVersion="4.0" xmlns="http://schemas.microsoft.com/developer/msbuild/2003">
  <ItemGroup>
    <ClCompile Include="Main.cpp" />
    <ClCompile Include="stb.cpp" />
    <ClCompile Include="ExternVariables.cpp" />
    <ClCompile Include="GenerateMesh.cpp" />
    <ClCompile Include="Classes\CubeSkybox.cpp">
      <Filter>Classes</Filter>
    </ClCompile>
    <ClCompile Include="Classes\ElementBuffer.cpp">
      <Filter>Classes</Filter>
    </ClCompile>
    <ClCompile Include="Classes\GameObject.cpp">
      <Filter>Classes</Filter>
    </ClCompile>
    <ClCompile Include="Classes\LightManager.cpp">
      <Filter>Classes</Filter>
    </ClCompile>
    <ClCompile Include="Classes\Mesh.cpp">
      <Filter>Classes</Filter>
    </ClCompile>
    <ClCompile Include="Classes\MeshTris.cpp">
      <Filter>Classes</Filter>
    </ClCompile>
    <ClCompile Include="Classes\Model.cpp">
      <Filter>Classes</Filter>
    </ClCompile>
    <ClCompile Include="Classes\Player.cpp">
      <Filter>Classes</Filter>
    </ClCompile>
    <ClCompile Include="Classes\Shader.cpp">
      <Filter>Classes</Filter>
    </ClCompile>
    <ClCompile Include="Classes\TextLabel.cpp">
      <Filter>Classes</Filter>
    </ClCompile>
    <ClCompile Include="Classes\Texture.cpp">
      <Filter>Classes</Filter>
    </ClCompile>
    <ClCompile Include="Classes\VertexArray.cpp">
      <Filter>Classes</Filter>
    </ClCompile>
    <ClCompile Include="Classes\Camera.cpp">
      <Filter>Classes</Filter>
    </ClCompile>
    <ClCompile Include="Classes\GameObjectComponent.cpp">
      <Filter>Classes</Filter>
    </ClCompile>
  </ItemGroup>
  <ItemGroup>
    <ClInclude Include="GenerateMesh.h" />
    <ClInclude Include="ExternVariables.h" />
    <ClInclude Include="Classes\CubeSkybox.h">
      <Filter>Classes</Filter>
    </ClInclude>
    <ClInclude Include="Classes\ElementBuffer.h">
      <Filter>Classes</Filter>
    </ClInclude>
    <ClInclude Include="Classes\GameObject.h">
      <Filter>Classes</Filter>
    </ClInclude>
    <ClInclude Include="Classes\LightManager.h">
      <Filter>Classes</Filter>
    </ClInclude>
    <ClInclude Include="Classes\Mesh.h">
      <Filter>Classes</Filter>
    </ClInclude>
    <ClInclude Include="Classes\MeshTris.h">
      <Filter>Classes</Filter>
    </ClInclude>
    <ClInclude Include="Classes\Model.h">
      <Filter>Classes</Filter>
    </ClInclude>
    <ClInclude Include="Classes\Player.h">
      <Filter>Classes</Filter>
    </ClInclude>
    <ClInclude Include="Classes\Shader.h">
      <Filter>Classes</Filter>
    </ClInclude>
    <ClInclude Include="Classes\TextLabel.h">
      <Filter>Classes</Filter>
    </ClInclude>
    <ClInclude Include="Classes\Texture.h">
      <Filter>Classes</Filter>
    </ClInclude>
    <ClInclude Include="Classes\VertexArray.h">
      <Filter>Classes</Filter>
    </ClInclude>
    <ClInclude Include="Classes\VertexBuffer.h">
      <Filter>Classes</Filter>
    </ClInclude>
    <ClInclude Include="Classes\Camera.h">
      <Filter>Classes</Filter>
    </ClInclude>
    <ClInclude Include="Classes\GameObjectComponent.h">
      <Filter>Classes</Filter>
    </ClInclude>
  </ItemGroup>
  <ItemGroup>
    <Filter Include="Classes">
      <UniqueIdentifier>{2453ef94-2ad3-4205-b913-f3cec58cab15}</UniqueIdentifier>
    </Filter>
    <Filter Include="Resources">
      <UniqueIdentifier>{33a8b798-166c-46c6-806e-3d5cd89140d2}</UniqueIdentifier>
    </Filter>
    <Filter Include="Resources\Textures">
      <UniqueIdentifier>{95ccdaf6-bc7b-4b3a-b066-d34f1e2ec56a}</UniqueIdentifier>
    </Filter>
    <Filter Include="Resources\Shaders">
      <UniqueIdentifier>{3e8ed353-3c09-4e4b-900e-57befa3e62f0}</UniqueIdentifier>
    </Filter>
  </ItemGroup>
  <ItemGroup>
    <None Include="Resources\Shaders\Diffuse.frag">
      <Filter>Resources\Shaders</Filter>
    </None>
    <None Include="Resources\Shaders\Diffuse.vert">
      <Filter>Resources\Shaders</Filter>
    </None>
    <None Include="Resources\Shaders\CubeMap.frag">
      <Filter>Resources\Shaders</Filter>
    </None>
    <None Include="Resources\Shaders\CubeMap.vert">
      <Filter>Resources\Shaders</Filter>
    </None>
  </ItemGroup>
  <ItemGroup>
    <Image Include="Resources\Textures\Planks.png">
      <Filter>Resources\Textures</Filter>
    </Image>
    <Image Include="Resources\Textures\PlanksSpecular.png">
      <Filter>Resources\Textures</Filter>
    </Image>
    <Image Include="Resources\Textures\Crate.png">
      <Filter>Resources\Textures</Filter>
    </Image>
    <Image Include="Resources\Textures\Crate-Reflection.png">
      <Filter>Resources\Textures</Filter>
    </Image>
  </ItemGroup>
</Project>