<?xml version="1.0" encoding="utf-8"?>
<Project ToolsVersion="4.0" xmlns="http://schemas.microsoft.com/developer/msbuild/2003">
  <ItemGroup>
    <ClCompile Include="Main.cpp" />
    <ClCompile Include="Classes\Collider.cpp">
      <Filter>Library\Colliders</Filter>
    </ClCompile>
    <ClCompile Include="Classes\SphereCollider.cpp">
      <Filter>Library\Colliders</Filter>
    </ClCompile>
    <ClCompile Include="Classes\CapsuleCollider.cpp">
      <Filter>Library\Colliders</Filter>
    </ClCompile>
    <ClCompile Include="Classes\RigidbodySphere.cpp">
      <Filter>GameObjects</Filter>
    </ClCompile>
    <ClCompile Include="Classes\PlaneCollider.cpp">
      <Filter>Library\Colliders</Filter>
    </ClCompile>
    <ClCompile Include="Classes\RigidBody.cpp">
      <Filter>Library\Physics</Filter>
    </ClCompile>
    <ClCompile Include="Classes\VertexArray.cpp">
      <Filter>Library\Mesh</Filter>
    </ClCompile>
    <ClCompile Include="Classes\Model.cpp">
      <Filter>Library\Mesh</Filter>
    </ClCompile>
    <ClCompile Include="Classes\Mesh.cpp">
      <Filter>Library\Mesh</Filter>
    </ClCompile>
    <ClCompile Include="Classes\MeshTris.cpp">
      <Filter>Library\Mesh</Filter>
    </ClCompile>
    <ClCompile Include="Classes\ElementBuffer.cpp">
      <Filter>Library\Mesh</Filter>
    </ClCompile>
    <ClCompile Include="GenerateMesh.cpp">
      <Filter>Library\Mesh</Filter>
    </ClCompile>
    <ClCompile Include="Classes\LightManager.cpp">
      <Filter>Library\Light</Filter>
    </ClCompile>
    <ClCompile Include="Classes\Font.cpp">
      <Filter>Library\Text</Filter>
    </ClCompile>
    <ClCompile Include="Classes\FreePlayerCamera.cpp">
      <Filter>GameObjects</Filter>
    </ClCompile>
    <ClCompile Include="Classes\TextLabel.cpp">
      <Filter>Library\Text</Filter>
    </ClCompile>
    <ClCompile Include="Classes\Shader.cpp">
      <Filter>Library\Shader</Filter>
    </ClCompile>
    <ClCompile Include="Classes\Texture.cpp">
      <Filter>Library\Texture</Filter>
    </ClCompile>
    <ClCompile Include="ExternVariables.cpp">
      <Filter>Library\Game</Filter>
    </ClCompile>
    <ClCompile Include="Classes\GameManager.cpp">
      <Filter>Library\Game</Filter>
    </ClCompile>
    <ClCompile Include="Classes\Transform.cpp">
      <Filter>Library\Game</Filter>
    </ClCompile>
    <ClCompile Include="Classes\Camera.cpp">
      <Filter>Library\Camera</Filter>
    </ClCompile>
    <ClCompile Include="Classes\CubeSkybox.cpp">
      <Filter>Library\Game Objects</Filter>
    </ClCompile>
    <ClCompile Include="Classes\TinyObjectLoader.cpp">
      <Filter>Library\Mesh</Filter>
    </ClCompile>
  </ItemGroup>
  <ItemGroup>
    <ClInclude Include="Classes\Collider.h">
      <Filter>Library\Colliders</Filter>
    </ClInclude>
    <ClInclude Include="Classes\SphereCollider.h">
      <Filter>Library\Colliders</Filter>
    </ClInclude>
    <ClInclude Include="Classes\CapsuleCollider.h">
      <Filter>Library\Colliders</Filter>
    </ClInclude>
    <ClInclude Include="Classes\RigidbodySphere.h">
      <Filter>GameObjects</Filter>
    </ClInclude>
    <ClInclude Include="Classes\PlaneCollider.h">
      <Filter>Library\Colliders</Filter>
    </ClInclude>
    <ClInclude Include="Classes\RigidBody.h">
      <Filter>Library\Physics</Filter>
    </ClInclude>
    <ClInclude Include="Classes\VertexBuffer.h">
      <Filter>Library\Mesh</Filter>
    </ClInclude>
    <ClInclude Include="Classes\VertexArray.h">
      <Filter>Library\Mesh</Filter>
    </ClInclude>
    <ClInclude Include="Classes\Model.h">
      <Filter>Library\Mesh</Filter>
    </ClInclude>
    <ClInclude Include="Classes\Mesh.h">
      <Filter>Library\Mesh</Filter>
    </ClInclude>
    <ClInclude Include="Classes\MeshTris.h">
      <Filter>Library\Mesh</Filter>
    </ClInclude>
    <ClInclude Include="Classes\ElementBuffer.h">
      <Filter>Library\Mesh</Filter>
    </ClInclude>
    <ClInclude Include="GenerateMesh.h">
      <Filter>Library\Mesh</Filter>
    </ClInclude>
    <ClInclude Include="Classes\LightManager.h">
      <Filter>Library\Light</Filter>
    </ClInclude>
    <ClInclude Include="Classes\Font.h">
      <Filter>Library\Text</Filter>
    </ClInclude>
    <ClInclude Include="Classes\FreePlayerCamera.h">
      <Filter>GameObjects</Filter>
    </ClInclude>
    <ClInclude Include="Classes\TextLabel.h">
      <Filter>Library\Text</Filter>
    </ClInclude>
    <ClInclude Include="Classes\Shader.h">
      <Filter>Library\Shader</Filter>
    </ClInclude>
    <ClInclude Include="Classes\Texture.h">
      <Filter>Library\Texture</Filter>
    </ClInclude>
    <ClInclude Include="ExternVariables.h">
      <Filter>Library\Game</Filter>
    </ClInclude>
    <ClInclude Include="Classes\UpdatedObject.h">
      <Filter>Library\Game</Filter>
    </ClInclude>
    <ClInclude Include="Classes\GameManager.h">
      <Filter>Library\Game</Filter>
    </ClInclude>
    <ClInclude Include="Classes\Transform.h">
      <Filter>Library\Game</Filter>
    </ClInclude>
    <ClInclude Include="Classes\Camera.h">
      <Filter>Library\Camera</Filter>
    </ClInclude>
    <ClInclude Include="Classes\CubeSkybox.h">
      <Filter>Library\Game Objects</Filter>
    </ClInclude>
    <ClInclude Include="Classes\TinyObjectLoader.h">
      <Filter>Library\Mesh</Filter>
    </ClInclude>
  </ItemGroup>
  <ItemGroup>
    <Filter Include="GameObjects">
      <UniqueIdentifier>{a5203cb1-8606-4433-88e8-63cb098e3a2a}</UniqueIdentifier>
    </Filter>
    <Filter Include="Library">
      <UniqueIdentifier>{dfda56c0-d5eb-4c6c-a787-206d3acf473b}</UniqueIdentifier>
    </Filter>
    <Filter Include="Library\Light">
      <UniqueIdentifier>{db8b617e-4dae-4ae4-8d41-1baf73bc192c}</UniqueIdentifier>
    </Filter>
    <Filter Include="Library\Mesh">
      <UniqueIdentifier>{807c5d9f-9855-4727-b79e-9fd71a918d5a}</UniqueIdentifier>
    </Filter>
    <Filter Include="Library\Text">
      <UniqueIdentifier>{e2e526ca-0533-4292-963a-6b96f3a82707}</UniqueIdentifier>
    </Filter>
    <Filter Include="Library\Resources">
      <UniqueIdentifier>{33a8b798-166c-46c6-806e-3d5cd89140d2}</UniqueIdentifier>
    </Filter>
    <Filter Include="Library\Resources\Textures">
      <UniqueIdentifier>{95ccdaf6-bc7b-4b3a-b066-d34f1e2ec56a}</UniqueIdentifier>
    </Filter>
    <Filter Include="Library\Resources\Shaders">
      <UniqueIdentifier>{3e8ed353-3c09-4e4b-900e-57befa3e62f0}</UniqueIdentifier>
    </Filter>
    <Filter Include="Library\Colliders">
      <UniqueIdentifier>{08b1c93b-3765-4237-a5dc-717a390bf8af}</UniqueIdentifier>
    </Filter>
    <Filter Include="Library\Shader">
      <UniqueIdentifier>{fb5e9c9a-69c5-4c59-a81a-911ac13f475f}</UniqueIdentifier>
    </Filter>
    <Filter Include="Library\Texture">
      <UniqueIdentifier>{b6963b3b-ec56-4f62-8986-9b7e534e4946}</UniqueIdentifier>
    </Filter>
    <Filter Include="Library\Game">
      <UniqueIdentifier>{164b9494-2cc6-4087-a369-70aab56b58ed}</UniqueIdentifier>
    </Filter>
    <Filter Include="Library\Camera">
      <UniqueIdentifier>{b3441da5-1cd1-4861-8059-cf38e1a8c6f2}</UniqueIdentifier>
    </Filter>
    <Filter Include="Library\Physics">
      <UniqueIdentifier>{14b7da83-48e6-47c8-b517-ba15ebdbfc2a}</UniqueIdentifier>
    </Filter>
    <Filter Include="Library\Game Objects">
      <UniqueIdentifier>{5a9b6da6-0f9f-4d0d-a1cd-f99bde4af914}</UniqueIdentifier>
    </Filter>
  </ItemGroup>
  <ItemGroup>
    <None Include="Resources\Shaders\Diffuse.frag">
      <Filter>Library\Resources\Shaders</Filter>
    </None>
    <None Include="Resources\Shaders\Diffuse.vert">
      <Filter>Library\Resources\Shaders</Filter>
    </None>
    <None Include="Resources\Shaders\CubeMap.frag">
      <Filter>Library\Resources\Shaders</Filter>
    </None>
    <None Include="Resources\Shaders\CubeMap.vert">
      <Filter>Library\Resources\Shaders</Filter>
    </None>
  </ItemGroup>
  <ItemGroup>
    <Image Include="Resources\Textures\Planks.png">
      <Filter>Library\Resources\Textures</Filter>
    </Image>
    <Image Include="Resources\Textures\PlanksSpecular.png">
      <Filter>Library\Resources\Textures</Filter>
    </Image>
    <Image Include="Resources\Textures\Crate.png">
      <Filter>Library\Resources\Textures</Filter>
    </Image>
    <Image Include="Resources\Textures\Crate-Reflection.png">
      <Filter>Library\Resources\Textures</Filter>
    </Image>
  </ItemGroup>
</Project>